
Microsoft Visual Studio Solution File, Format Version 12.00
# Visual Studio Version 16
VisualStudioVersion = 16.0.31129.286
MinimumVisualStudioVersion = 10.0.40219.1
Project("{FAE04EC0-301F-11D3-BF4B-00C04F79EFBC}") = "crypto", "crypto\crypto.csproj", "{C2376BD3-AE7F-42F2-A667-880126C8E312}"
EndProject
Global
	GlobalSection(SolutionConfigurationPlatforms) = preSolution
		Debug|Any CPU = Debug|Any CPU
		Release|Any CPU = Release|Any CPU
	EndGlobalSection
	GlobalSection(ProjectConfigurationPlatforms) = postSolution
		{C2376BD3-AE7F-42F2-A667-880126C8E312}.Debug|Any CPU.ActiveCfg = Debug|Any CPU
		{C2376BD3-AE7F-42F2-A667-880126C8E312}.Debug|Any CPU.Build.0 = Debug|Any CPU
		{C2376BD3-AE7F-42F2-A667-880126C8E312}.Release|Any CPU.ActiveCfg = Release|Any CPU
		{C2376BD3-AE7F-42F2-A667-880126C8E312}.Release|Any CPU.Build.0 = Release|Any CPU
	EndGlobalSection
	GlobalSection(SolutionProperties) = preSolution
		HideSolutionNode = FALSE
	EndGlobalSection
	GlobalSection(ExtensibilityGlobals) = postSolution
		SolutionGuid = {34B0E1AF-E545-48D2-B8FF-640C102BCA50}
	EndGlobalSection
EndGlobal
